
Microsoft Visual Studio Solution File, Format Version 12.00
# Visual Studio Version 17
VisualStudioVersion = 17.4.33213.308
MinimumVisualStudioVersion = 10.0.40219.1
Project("{FAE04EC0-301F-11D3-BF4B-00C04F79EFBC}") = "User Registration By Lambda", "User Registration By Lambda\User Registration By Lambda.csproj", "{A167F9BC-44C8-4351-AD02-E3B25FBC507B}"
EndProject
Global
	GlobalSection(SolutionConfigurationPlatforms) = preSolution
		Debug|Any CPU = Debug|Any CPU
		Release|Any CPU = Release|Any CPU
	EndGlobalSection
	GlobalSection(ProjectConfigurationPlatforms) = postSolution
		{A167F9BC-44C8-4351-AD02-E3B25FBC507B}.Debug|Any CPU.ActiveCfg = Debug|Any CPU
		{A167F9BC-44C8-4351-AD02-E3B25FBC507B}.Debug|Any CPU.Build.0 = Debug|Any CPU
		{A167F9BC-44C8-4351-AD02-E3B25FBC507B}.Release|Any CPU.ActiveCfg = Release|Any CPU
		{A167F9BC-44C8-4351-AD02-E3B25FBC507B}.Release|Any CPU.Build.0 = Release|Any CPU
	EndGlobalSection
	GlobalSection(SolutionProperties) = preSolution
		HideSolutionNode = FALSE
	EndGlobalSection
	GlobalSection(ExtensibilityGlobals) = postSolution
		SolutionGuid = {E5118869-AF96-4286-BC6F-7745754AF9E4}
	EndGlobalSection
EndGlobal
